PODS:
  - Auk (7.0.1):
    - moa
  - moa (8.0.2)
  - SJSegmentedScrollView (1.3.5)

DEPENDENCIES:
  - Auk (~> 7.0)
  - moa (~> 8.0)
  - SJSegmentedScrollView (= 1.3.5)

SPEC CHECKSUMS:
  Auk: 6f8c4e93427d0d02641263776dd3b66ae4050903
  moa: 73d2dd56fe838a31e255c64b7873d2c2fbc71076
  SJSegmentedScrollView: 20e4c2e5489329e06c483f8824dbb55d055e9ffa

PODFILE CHECKSUM: 6a150ad23d3f36fb8011277a4373b46328f78709

COCOAPODS: 1.1.1
